
Microsoft Visual Studio Solution File, Format Version 12.00
# Visual Studio Version 17
VisualStudioVersion = 17.0.31903.59
MinimumVisualStudioVersion = 10.0.40219.1
Project("{2150E333-8FDC-42A3-9474-1A3956D46DE8}") = "src", "src", "{827E0CD3-B72D-47B6-A68D-7590B98EB39B}"
EndProject
Project("{FAE04EC0-301F-11D3-BF4B-00C04F79EFBC}") = "VideoTriage.Core", "src\VideoTriage.Core\VideoTriage.Core.csproj", "{F501BFC5-61DA-4463-910E-7A177AA1FB2F}"
EndProject
Project("{FAE04EC0-301F-11D3-BF4B-00C04F79EFBC}") = "VideoTriage.App", "src\VideoTriage.App\VideoTriage.App.csproj", "{1CBCE2A6-95A2-4533-96FA-A626A546D665}"
EndProject
Project("{2150E333-8FDC-42A3-9474-1A3956D46DE8}") = "tests", "tests", "{0AB3BF05-4346-4AA6-1389-037BE0695223}"
EndProject
Project("{FAE04EC0-301F-11D3-BF4B-00C04F79EFBC}") = "VideoTriage.Core.Tests", "tests\VideoTriage.Core.Tests\VideoTriage.Core.Tests.csproj", "{E1EA1C31-4E7A-4358-BF15-0DA384D534EC}"
EndProject
Global
	GlobalSection(SolutionConfigurationPlatforms) = preSolution
		Debug|Any CPU = Debug|Any CPU
		Debug|x64 = Debug|x64
		Debug|x86 = Debug|x86
		Release|Any CPU = Release|Any CPU
		Release|x64 = Release|x64
		Release|x86 = Release|x86
	EndGlobalSection
	GlobalSection(ProjectConfigurationPlatforms) = postSolution
		{F501BFC5-61DA-4463-910E-7A177AA1FB2F}.Debug|Any CPU.ActiveCfg = Debug|Any CPU
		{F501BFC5-61DA-4463-910E-7A177AA1FB2F}.Debug|Any CPU.Build.0 = Debug|Any CPU
		{F501BFC5-61DA-4463-910E-7A177AA1FB2F}.Debug|x64.ActiveCfg = Debug|Any CPU
		{F501BFC5-61DA-4463-910E-7A177AA1FB2F}.Debug|x64.Build.0 = Debug|Any CPU
		{F501BFC5-61DA-4463-910E-7A177AA1FB2F}.Debug|x86.ActiveCfg = Debug|Any CPU
		{F501BFC5-61DA-4463-910E-7A177AA1FB2F}.Debug|x86.Build.0 = Debug|Any CPU
		{F501BFC5-61DA-4463-910E-7A177AA1FB2F}.Release|Any CPU.ActiveCfg = Release|Any CPU
		{F501BFC5-61DA-4463-910E-7A177AA1FB2F}.Release|Any CPU.Build.0 = Release|Any CPU
		{F501BFC5-61DA-4463-910E-7A177AA1FB2F}.Release|x64.ActiveCfg = Release|Any CPU
		{F501BFC5-61DA-4463-910E-7A177AA1FB2F}.Release|x64.Build.0 = Release|Any CPU
		{F501BFC5-61DA-4463-910E-7A177AA1FB2F}.Release|x86.ActiveCfg = Release|Any CPU
		{F501BFC5-61DA-4463-910E-7A177AA1FB2F}.Release|x86.Build.0 = Release|Any CPU
		{1CBCE2A6-95A2-4533-96FA-A626A546D665}.Debug|Any CPU.ActiveCfg = Debug|Any CPU
		{1CBCE2A6-95A2-4533-96FA-A626A546D665}.Debug|Any CPU.Build.0 = Debug|Any CPU
		{1CBCE2A6-95A2-4533-96FA-A626A546D665}.Debug|x64.ActiveCfg = Debug|Any CPU
		{1CBCE2A6-95A2-4533-96FA-A626A546D665}.Debug|x64.Build.0 = Debug|Any CPU
		{1CBCE2A6-95A2-4533-96FA-A626A546D665}.Debug|x86.ActiveCfg = Debug|Any CPU
		{1CBCE2A6-95A2-4533-96FA-A626A546D665}.Debug|x86.Build.0 = Debug|Any CPU
		{1CBCE2A6-95A2-4533-96FA-A626A546D665}.Release|Any CPU.ActiveCfg = Release|Any CPU
		{1CBCE2A6-95A2-4533-96FA-A626A546D665}.Release|Any CPU.Build.0 = Release|Any CPU
		{1CBCE2A6-95A2-4533-96FA-A626A546D665}.Release|x64.ActiveCfg = Release|Any CPU
		{1CBCE2A6-95A2-4533-96FA-A626A546D665}.Release|x64.Build.0 = Release|Any CPU
		{1CBCE2A6-95A2-4533-96FA-A626A546D665}.Release|x86.ActiveCfg = Release|Any CPU
		{1CBCE2A6-95A2-4533-96FA-A626A546D665}.Release|x86.Build.0 = Release|Any CPU
		{E1EA1C31-4E7A-4358-BF15-0DA384D534EC}.Debug|Any CPU.ActiveCfg = Debug|Any CPU
		{E1EA1C31-4E7A-4358-BF15-0DA384D534EC}.Debug|Any CPU.Build.0 = Debug|Any CPU
		{E1EA1C31-4E7A-4358-BF15-0DA384D534EC}.Debug|x64.ActiveCfg = Debug|Any CPU
		{E1EA1C31-4E7A-4358-BF15-0DA384D534EC}.Debug|x64.Build.0 = Debug|Any CPU
		{E1EA1C31-4E7A-4358-BF15-0DA384D534EC}.Debug|x86.ActiveCfg = Debug|Any CPU
		{E1EA1C31-4E7A-4358-BF15-0DA384D534EC}.Debug|x86.Build.0 = Debug|Any CPU
		{E1EA1C31-4E7A-4358-BF15-0DA384D534EC}.Release|Any CPU.ActiveCfg = Release|Any CPU
		{E1EA1C31-4E7A-4358-BF15-0DA384D534EC}.Release|Any CPU.Build.0 = Release|Any CPU
		{E1EA1C31-4E7A-4358-BF15-0DA384D534EC}.Release|x64.ActiveCfg = Release|Any CPU
		{E1EA1C31-4E7A-4358-BF15-0DA384D534EC}.Release|x64.Build.0 = Release|Any CPU
		{E1EA1C31-4E7A-4358-BF15-0DA384D534EC}.Release|x86.ActiveCfg = Release|Any CPU
		{E1EA1C31-4E7A-4358-BF15-0DA384D534EC}.Release|x86.Build.0 = Release|Any CPU
	EndGlobalSection
	GlobalSection(SolutionProperties) = preSolution
		HideSolutionNode = FALSE
	EndGlobalSection
	GlobalSection(NestedProjects) = preSolution
		{F501BFC5-61DA-4463-910E-7A177AA1FB2F} = {827E0CD3-B72D-47B6-A68D-7590B98EB39B}
		{1CBCE2A6-95A2-4533-96FA-A626A546D665} = {827E0CD3-B72D-47B6-A68D-7590B98EB39B}
		{E1EA1C31-4E7A-4358-BF15-0DA384D534EC} = {0AB3BF05-4346-4AA6-1389-037BE0695223}
	EndGlobalSection
EndGlobal
